
Microsoft Visual Studio Solution File, Format Version 12.00
# Visual Studio Version 17
VisualStudioVersion = 17.1.32210.238
MinimumVisualStudioVersion = 10.0.40219.1
Project("{F184B08F-C81C-45F6-A57F-5ABD9991F28F}") = "LabExercise2", "LabExercise2\LabExercise2.vbproj", "{D34C3AD2-A770-4D4B-8AAD-B18DB018AFDA}"
EndProject
Global
	GlobalSection(SolutionConfigurationPlatforms) = preSolution
		Debug|Any CPU = Debug|Any CPU
		Release|Any CPU = Release|Any CPU
	EndGlobalSection
	GlobalSection(ProjectConfigurationPlatforms) = postSolution
		{D34C3AD2-A770-4D4B-8AAD-B18DB018AFDA}.Debug|Any CPU.ActiveCfg = Debug|Any CPU
		{D34C3AD2-A770-4D4B-8AAD-B18DB018AFDA}.Debug|Any CPU.Build.0 = Debug|Any CPU
		{D34C3AD2-A770-4D4B-8AAD-B18DB018AFDA}.Release|Any CPU.ActiveCfg = Release|Any CPU
		{D34C3AD2-A770-4D4B-8AAD-B18DB018AFDA}.Release|Any CPU.Build.0 = Release|Any CPU
	EndGlobalSection
	GlobalSection(SolutionProperties) = preSolution
		HideSolutionNode = FALSE
	EndGlobalSection
	GlobalSection(ExtensibilityGlobals) = postSolution
		SolutionGuid = {0C951095-02E8-449C-8E73-0A1139DD5802}
	EndGlobalSection
EndGlobal
